
Microsoft Visual Studio Solution File, Format Version 12.00
# Visual Studio Version 18
VisualStudioVersion = 18.0.11205.157
MinimumVisualStudioVersion = 10.0.40219.1
Project("{FAE04EC0-301F-11D3-BF4B-00C04F79EFBC}") = "Validar.XML.Proveedor", "Validar.XML.Proveedor\Validar.XML.Proveedor.csproj", "{C2A94080-1F7E-4F3A-BFFD-F71BF3079A8E}"
EndProject
Global
	GlobalSection(SolutionConfigurationPlatforms) = preSolution
		Debug|Any CPU = Debug|Any CPU
		Release|Any CPU = Release|Any CPU
	EndGlobalSection
	GlobalSection(ProjectConfigurationPlatforms) = postSolution
		{C2A94080-1F7E-4F3A-BFFD-F71BF3079A8E}.Debug|Any CPU.ActiveCfg = Debug|Any CPU
		{C2A94080-1F7E-4F3A-BFFD-F71BF3079A8E}.Debug|Any CPU.Build.0 = Debug|Any CPU
		{C2A94080-1F7E-4F3A-BFFD-F71BF3079A8E}.Release|Any CPU.ActiveCfg = Release|Any CPU
		{C2A94080-1F7E-4F3A-BFFD-F71BF3079A8E}.Release|Any CPU.Build.0 = Release|Any CPU
	EndGlobalSection
	GlobalSection(SolutionProperties) = preSolution
		HideSolutionNode = FALSE
	EndGlobalSection
	GlobalSection(ExtensibilityGlobals) = postSolution
		SolutionGuid = {AD41D787-34FB-4E83-BC15-3254D16B8500}
	EndGlobalSection
EndGlobal
